// !$*UTF8*$!
{
	archiveVersion = 1;
	classes = {
	};
	objectVersion = 50;
	objects = {

/* Begin PBXBuildFile section */
		1724433822520B2C002DFF7E /* SearchFacePalette.txt in Resources */ = {isa = PBXBuildFile; fileRef = 1724433722520B2C002DFF7E /* SearchFacePalette.txt */; };
		17244341225220C2002DFF7E /* Phosphate.ttf in Resources */ = {isa = PBXBuildFile; fileRef = 1724434022521ACF002DFF7E /* Phosphate.ttf */; };
		17244343225221BF002DFF7E /* DashedImageView.swift in Sources */ = {isa = PBXBuildFile; fileRef = 17244342225221BF002DFF7E /* DashedImageView.swift */; };
		1724434A225235E8002DFF7E /* SearchFace 2@2x.png in Resources */ = {isa = PBXBuildFile; fileRef = 17244348225235E8002DFF7E /* SearchFace 2@2x.png */; };
		1724434B225235E8002DFF7E /* SearchFace 2@3x.png in Resources */ = {isa = PBXBuildFile; fileRef = 17244349225235E8002DFF7E /* SearchFace 2@3x.png */; };
		1738E858224B94D3009C6B41 /* SearchFaceResult.swift in Sources */ = {isa = PBXBuildFile; fileRef = 1738E857224B94D3009C6B41 /* SearchFaceResult.swift */; };
		1738E85B224BC55F009C6B41 /* ResultsViewController.xib in Resources */ = {isa = PBXBuildFile; fileRef = 1738E85A224BC55F009C6B41 /* ResultsViewController.xib */; };
		1738E85F224BCCF5009C6B41 /* ResultCell.xib in Resources */ = {isa = PBXBuildFile; fileRef = 1738E85E224BCCF5009C6B41 /* ResultCell.xib */; };
		1738E862224BCD59009C6B41 /* ResultCell.swift in Sources */ = {isa = PBXBuildFile; fileRef = 1738E861224BCD59009C6B41 /* ResultCell.swift */; };
		1738E865224CAC07009C6B41 /* SearchViewController.xib in Resources */ = {isa = PBXBuildFile; fileRef = 1738E864224CAC07009C6B41 /* SearchViewController.xib */; };
		1738E867224CBDC2009C6B41 /* UIImage+Utils.swift in Sources */ = {isa = PBXBuildFile; fileRef = 1738E866224CBDC2009C6B41 /* UIImage+Utils.swift */; };
		1738E86A2251E085009C6B41 /* Styles.swift in Sources */ = {isa = PBXBuildFile; fileRef = 1738E8692251E085009C6B41 /* Styles.swift */; };
		1761646E224A0AA2007D774B /* AppDelegate.swift in Sources */ = {isa = PBXBuildFile; fileRef = 1761646D224A0AA2007D774B /* AppDelegate.swift */; };
		17616470224A0AA2007D774B /* SearchViewController.swift in Sources */ = {isa = PBXBuildFile; fileRef = 1761646F224A0AA2007D774B /* SearchViewController.swift */; };
		17616475224A0AA4007D774B /* Assets.xcassets in Resources */ = {isa = PBXBuildFile; fileRef = 17616474224A0AA4007D774B /* Assets.xcassets */; };
		17616483224A0AA4007D774B /* SearchFaceTests.swift in Sources */ = {isa = PBXBuildFile; fileRef = 17616482224A0AA4007D774B /* SearchFaceTests.swift */; };
		17616498224A2A14007D774B /* SearchFaceAPI.swift in Sources */ = {isa = PBXBuildFile; fileRef = 17616497224A2A14007D774B /* SearchFaceAPI.swift */; };
		1761649A224B7743007D774B /* ResultsViewController.swift in Sources */ = {isa = PBXBuildFile; fileRef = 17616499224B7743007D774B /* ResultsViewController.swift */; };
/* End PBXBuildFile section */

/* Begin PBXContainerItemProxy section */
		1761647F224A0AA4007D774B /* PBXContainerItemProxy */ = {
			isa = PBXContainerItemProxy;
			containerPortal = 17616462224A0AA2007D774B /* Project object */;
			proxyType = 1;
			remoteGlobalIDString = 17616469224A0AA2007D774B;
			remoteInfo = SearchFace;
		};
/* End PBXContainerItemProxy section */

/* Begin PBXFileReference section */
		1724433722520B2C002DFF7E /* SearchFacePalette.txt */ = {isa = PBXFileReference; lastKnownFileType = text; path = SearchFacePalette.txt; sourceTree = "<group>"; };
		1724434022521ACF002DFF7E /* Phosphate.ttf */ = {isa = PBXFileReference; lastKnownFileType = file; path = Phosphate.ttf; sourceTree = "<group>"; };
		17244342225221BF002DFF7E /* DashedImageView.swift */ = {isa = PBXFileReference; lastKnownFileType = sourcecode.swift; path = DashedImageView.swift; sourceTree = "<group>"; };
		17244348225235E8002DFF7E /* SearchFace 2@2x.png */ = {isa = PBXFileReference; lastKnownFileType = image.png; path = "SearchFace 2@2x.png"; sourceTree = "<group>"; };
		17244349225235E8002DFF7E /* SearchFace 2@3x.png */ = {isa = PBXFileReference; lastKnownFileType = image.png; path = "SearchFace 2@3x.png"; sourceTree = "<group>"; };
		1738E857224B94D3009C6B41 /* SearchFaceResult.swift */ = {isa = PBXFileReference; lastKnownFileType = sourcecode.swift; path = SearchFaceResult.swift; sourceTree = "<group>"; };
		1738E85A224BC55F009C6B41 /* ResultsViewController.xib */ = {isa = PBXFileReference; lastKnownFileType = file.xib; path = ResultsViewController.xib; sourceTree = "<group>"; };
		1738E85E224BCCF5009C6B41 /* ResultCell.xib */ = {isa = PBXFileReference; lastKnownFileType = file.xib; path = ResultCell.xib; sourceTree = "<group>"; };
		1738E861224BCD59009C6B41 /* ResultCell.swift */ = {isa = PBXFileReference; lastKnownFileType = sourcecode.swift; path = ResultCell.swift; sourceTree = "<group>"; };
		1738E864224CAC07009C6B41 /* SearchViewController.xib */ = {isa = PBXFileReference; lastKnownFileType = file.xib; path = SearchViewController.xib; sourceTree = "<group>"; };
		1738E866224CBDC2009C6B41 /* UIImage+Utils.swift */ = {isa = PBXFileReference; lastKnownFileType = sourcecode.swift; path = "UIImage+Utils.swift"; sourceTree = "<group>"; };
		1738E8692251E085009C6B41 /* Styles.swift */ = {isa = PBXFileReference; lastKnownFileType = sourcecode.swift; path = Styles.swift; sourceTree = "<group>"; };
		1761646A224A0AA2007D774B /* SearchFace.app */ = {isa = PBXFileReference; explicitFileType = wrapper.application; includeInIndex = 0; path = SearchFace.app; sourceTree = BUILT_PRODUCTS_DIR; };
		1761646D224A0AA2007D774B /* AppDelegate.swift */ = {isa = PBXFileReference; lastKnownFileType = sourcecode.swift; path = AppDelegate.swift; sourceTree = "<group>"; };
		1761646F224A0AA2007D774B /* SearchViewController.swift */ = {isa = PBXFileReference; lastKnownFileType = sourcecode.swift; path = SearchViewController.swift; sourceTree = "<group>"; };
		17616474224A0AA4007D774B /* Assets.xcassets */ = {isa = PBXFileReference; lastKnownFileType = folder.assetcatalog; path = Assets.xcassets; sourceTree = "<group>"; };
		17616479224A0AA4007D774B /* Info.plist */ = {isa = PBXFileReference; lastKnownFileType = text.plist.xml; path = Info.plist; sourceTree = "<group>"; };
		1761647E224A0AA4007D774B /* SearchFaceTests.xctest */ = {isa = PBXFileReference; explicitFileType = wrapper.cfbundle; includeInIndex = 0; path = SearchFaceTests.xctest; sourceTree = BUILT_PRODUCTS_DIR; };
		17616482224A0AA4007D774B /* SearchFaceTests.swift */ = {isa = PBXFileReference; lastKnownFileType = sourcecode.swift; path = SearchFaceTests.swift; sourceTree = "<group>"; };
		17616484224A0AA4007D774B /* Info.plist */ = {isa = PBXFileReference; lastKnownFileType = text.plist.xml; path = Info.plist; sourceTree = "<group>"; };
		17616492224A26D5007D774B /* CoreGraphics.framework */ = {isa = PBXFileReference; lastKnownFileType = wrapper.framework; name = CoreGraphics.framework; path = System/Library/Frameworks/CoreGraphics.framework; sourceTree = SDKROOT; };
		17616494224A2710007D774B /* UIKit.framework */ = {isa = PBXFileReference; lastKnownFileType = wrapper.framework; name = UIKit.framework; path = System/Library/Frameworks/UIKit.framework; sourceTree = SDKROOT; };
		17616497224A2A14007D774B /* SearchFaceAPI.swift */ = {isa = PBXFileReference; lastKnownFileType = sourcecode.swift; path = SearchFaceAPI.swift; sourceTree = "<group>"; };
		17616499224B7743007D774B /* ResultsViewController.swift */ = {isa = PBXFileReference; lastKnownFileType = sourcecode.swift; path = ResultsViewController.swift; sourceTree = "<group>"; };
/* End PBXFileReference section */

/* Begin PBXFrameworksBuildPhase section */
		17616467224A0AA2007D774B /* Frameworks */ = {
			isa = PBXFrameworksBuildPhase;
			buildActionMask = 2147483647;
			files = (
			);
			runOnlyForDeploymentPostprocessing = 0;
		};
		1761647B224A0AA4007D774B /* Frameworks */ = {
			isa = PBXFrameworksBuildPhase;
			buildActionMask = 2147483647;
			files = (
			);
			runOnlyForDeploymentPostprocessing = 0;
		};
/* End PBXFrameworksBuildPhase section */

/* Begin PBXGroup section */
		1724433E22521AC1002DFF7E /* Resources */ = {
			isa = PBXGroup;
			children = (
				17244347225235A3002DFF7E /* Icons */,
				1724433F22521AC9002DFF7E /* Fonts */,
			);
			path = Resources;
			sourceTree = "<group>";
		};
		1724433F22521AC9002DFF7E /* Fonts */ = {
			isa = PBXGroup;
			children = (
				1724434022521ACF002DFF7E /* Phosphate.ttf */,
			);
			path = Fonts;
			sourceTree = "<group>";
		};
		17244347225235A3002DFF7E /* Icons */ = {
			isa = PBXGroup;
			children = (
				17244348225235E8002DFF7E /* SearchFace 2@2x.png */,
				17244349225235E8002DFF7E /* SearchFace 2@3x.png */,
			);
			path = Icons;
			sourceTree = "<group>";
		};
		1738E859224BC534009C6B41 /* ResultsViewController */ = {
			isa = PBXGroup;
			children = (
				1738E860224BCD43009C6B41 /* Cell */,
				17616499224B7743007D774B /* ResultsViewController.swift */,
				1738E85A224BC55F009C6B41 /* ResultsViewController.xib */,
			);
			path = ResultsViewController;
			sourceTree = "<group>";
		};
		1738E860224BCD43009C6B41 /* Cell */ = {
			isa = PBXGroup;
			children = (
				1738E861224BCD59009C6B41 /* ResultCell.swift */,
				1738E85E224BCCF5009C6B41 /* ResultCell.xib */,
			);
			path = Cell;
			sourceTree = "<group>";
		};
		1738E863224BD51E009C6B41 /* SearchViewController */ = {
			isa = PBXGroup;
			children = (
				1761646F224A0AA2007D774B /* SearchViewController.swift */,
				1738E864224CAC07009C6B41 /* SearchViewController.xib */,
				17244342225221BF002DFF7E /* DashedImageView.swift */,
			);
			path = SearchViewController;
			sourceTree = "<group>";
		};
		1738E868224CF608009C6B41 /* Extensions */ = {
			isa = PBXGroup;
			children = (
				1738E866224CBDC2009C6B41 /* UIImage+Utils.swift */,
			);
			path = Extensions;
			sourceTree = "<group>";
		};
		17616461224A0AA2007D774B = {
			isa = PBXGroup;
			children = (
				1761646C224A0AA2007D774B /* SearchFace */,
				17616481224A0AA4007D774B /* SearchFaceTests */,
				1761646B224A0AA2007D774B /* Products */,
				17616491224A26D5007D774B /* Frameworks */,
			);
			sourceTree = "<group>";
		};
		1761646B224A0AA2007D774B /* Products */ = {
			isa = PBXGroup;
			children = (
				1761646A224A0AA2007D774B /* SearchFace.app */,
				1761647E224A0AA4007D774B /* SearchFaceTests.xctest */,
			);
			name = Products;
			sourceTree = "<group>";
		};
		1761646C224A0AA2007D774B /* SearchFace */ = {
			isa = PBXGroup;
			children = (
				1724433E22521AC1002DFF7E /* Resources */,
				1738E863224BD51E009C6B41 /* SearchViewController */,
				1738E859224BC534009C6B41 /* ResultsViewController */,
				17616496224A29E4007D774B /* SearchFaceAPI */,
				1761646D224A0AA2007D774B /* AppDelegate.swift */,
				17616474224A0AA4007D774B /* Assets.xcassets */,
				17616479224A0AA4007D774B /* Info.plist */,
				1738E868224CF608009C6B41 /* Extensions */,
				1738E8692251E085009C6B41 /* Styles.swift */,
				1724433722520B2C002DFF7E /* SearchFacePalette.txt */,
			);
			path = SearchFace;
			sourceTree = "<group>";
		};
		17616481224A0AA4007D774B /* SearchFaceTests */ = {
			isa = PBXGroup;
			children = (
				17616482224A0AA4007D774B /* SearchFaceTests.swift */,
				17616484224A0AA4007D774B /* Info.plist */,
			);
			path = SearchFaceTests;
			sourceTree = "<group>";
		};
		17616491224A26D5007D774B /* Frameworks */ = {
			isa = PBXGroup;
			children = (
				17616494224A2710007D774B /* UIKit.framework */,
				17616492224A26D5007D774B /* CoreGraphics.framework */,
			);
			name = Frameworks;
			sourceTree = "<group>";
		};
		17616496224A29E4007D774B /* SearchFaceAPI */ = {
			isa = PBXGroup;
			children = (
				17616497224A2A14007D774B /* SearchFaceAPI.swift */,
				1738E857224B94D3009C6B41 /* SearchFaceResult.swift */,
			);
			path = SearchFaceAPI;
			sourceTree = "<group>";
		};
/* End PBXGroup section */

/* Begin PBXNativeTarget section */
		17616469224A0AA2007D774B /* SearchFace */ = {
			isa = PBXNativeTarget;
			buildConfigurationList = 17616487224A0AA4007D774B /* Build configuration list for PBXNativeTarget "SearchFace" */;
			buildPhases = (
				17616466224A0AA2007D774B /* Sources */,
				17616467224A0AA2007D774B /* Frameworks */,
				17616468224A0AA2007D774B /* Resources */,
			);
			buildRules = (
			);
			dependencies = (
			);
			name = SearchFace;
			productName = SearchFace;
			productReference = 1761646A224A0AA2007D774B /* SearchFace.app */;
			productType = "com.apple.product-type.application";
		};
		1761647D224A0AA4007D774B /* SearchFaceTests */ = {
			isa = PBXNativeTarget;
			buildConfigurationList = 1761648A224A0AA4007D774B /* Build configuration list for PBXNativeTarget "SearchFaceTests" */;
			buildPhases = (
				1761647A224A0AA4007D774B /* Sources */,
				1761647B224A0AA4007D774B /* Frameworks */,
				1761647C224A0AA4007D774B /* Resources */,
			);
			buildRules = (
			);
			dependencies = (
				17616480224A0AA4007D774B /* PBXTargetDependency */,
			);
			name = SearchFaceTests;
			productName = SearchFaceTests;
			productReference = 1761647E224A0AA4007D774B /* SearchFaceTests.xctest */;
			productType = "com.apple.product-type.bundle.unit-test";
		};
/* End PBXNativeTarget section */

/* Begin PBXProject section */
		17616462224A0AA2007D774B /* Project object */ = {
			isa = PBXProject;
			attributes = {
				LastSwiftUpdateCheck = 1020;
				LastUpgradeCheck = 1020;
				ORGANIZATIONNAME = "Артём Зайцев";
				TargetAttributes = {
					17616469224A0AA2007D774B = {
						CreatedOnToolsVersion = 10.2;
						LastSwiftMigration = 1020;
					};
					1761647D224A0AA4007D774B = {
						CreatedOnToolsVersion = 10.2;
						TestTargetID = 17616469224A0AA2007D774B;
					};
				};
			};
			buildConfigurationList = 17616465224A0AA2007D774B /* Build configuration list for PBXProject "SearchFace" */;
			compatibilityVersion = "Xcode 9.3";
			developmentRegion = en;
			hasScannedForEncodings = 0;
			knownRegions = (
				en,
				Base,
			);
			mainGroup = 17616461224A0AA2007D774B;
			productRefGroup = 1761646B224A0AA2007D774B /* Products */;
			projectDirPath = "";
			projectRoot = "";
			targets = (
				17616469224A0AA2007D774B /* SearchFace */,
				1761647D224A0AA4007D774B /* SearchFaceTests */,
			);
		};
/* End PBXProject section */

/* Begin PBXResourcesBuildPhase section */
		17616468224A0AA2007D774B /* Resources */ = {
			isa = PBXResourcesBuildPhase;
			buildActionMask = 2147483647;
			files = (
				1724434B225235E8002DFF7E /* SearchFace 2@3x.png in Resources */,
				1724433822520B2C002DFF7E /* SearchFacePalette.txt in Resources */,
				17616475224A0AA4007D774B /* Assets.xcassets in Resources */,
				1724434A225235E8002DFF7E /* SearchFace 2@2x.png in Resources */,
				1738E865224CAC07009C6B41 /* SearchViewController.xib in Resources */,
				17244341225220C2002DFF7E /* Phosphate.ttf in Resources */,
				1738E85F224BCCF5009C6B41 /* ResultCell.xib in Resources */,
				1738E85B224BC55F009C6B41 /* ResultsViewController.xib in Resources */,
			);
			runOnlyForDeploymentPostprocessing = 0;
		};
		1761647C224A0AA4007D774B /* Resources */ = {
			isa = PBXResourcesBuildPhase;
			buildActionMask = 2147483647;
			files = (
			);
			runOnlyForDeploymentPostprocessing = 0;
		};
/* End PBXResourcesBuildPhase section */

/* Begin PBXSourcesBuildPhase section */
		17616466224A0AA2007D774B /* Sources */ = {
			isa = PBXSourcesBuildPhase;
			buildActionMask = 2147483647;
			files = (
				17616470224A0AA2007D774B /* SearchViewController.swift in Sources */,
				1738E858224B94D3009C6B41 /* SearchFaceResult.swift in Sources */,
				17616498224A2A14007D774B /* SearchFaceAPI.swift in Sources */,
				1738E86A2251E085009C6B41 /* Styles.swift in Sources */,
				1738E862224BCD59009C6B41 /* ResultCell.swift in Sources */,
				1738E867224CBDC2009C6B41 /* UIImage+Utils.swift in Sources */,
				1761646E224A0AA2007D774B /* AppDelegate.swift in Sources */,
				1761649A224B7743007D774B /* ResultsViewController.swift in Sources */,
				17244343225221BF002DFF7E /* DashedImageView.swift in Sources */,
			);
			runOnlyForDeploymentPostprocessing = 0;
		};
		1761647A224A0AA4007D774B /* Sources */ = {
			isa = PBXSourcesBuildPhase;
			buildActionMask = 2147483647;
			files = (
				17616483224A0AA4007D774B /* SearchFaceTests.swift in Sources */,
			);
			runOnlyForDeploymentPostprocessing = 0;
		};
/* End PBXSourcesBuildPhase section */

/* Begin PBXTargetDependency section */
		17616480224A0AA4007D774B /* PBXTargetDependency */ = {
			isa = PBXTargetDependency;
			target = 17616469224A0AA2007D774B /* SearchFace */;
			targetProxy = 1761647F224A0AA4007D774B /* PBXContainerItemProxy */;
		};
/* End PBXTargetDependency section */

/* Begin XCBuildConfiguration section */
		17616485224A0AA4007D774B /* Debug */ = {
			isa = XCBuildConfiguration;
			buildSettings = {
				ALWAYS_SEARCH_USER_PATHS = NO;
				CLANG_ANALYZER_NONNULL = YES;
				CLANG_ANALYZER_NUMBER_OBJECT_CONVERSION = YES_AGGRESSIVE;
				CLANG_CXX_LANGUAGE_STANDARD = "gnu++14";
				CLANG_CXX_LIBRARY = "libc++";
				CLANG_ENABLE_MODULES = YES;
				CLANG_ENABLE_OBJC_ARC = YES;
				CLANG_ENABLE_OBJC_WEAK = YES;
				CLANG_WARN_BLOCK_CAPTURE_AUTORELEASING = YES;
				CLANG_WARN_BOOL_CONVERSION = YES;
				CLANG_WARN_COMMA = YES;
				CLANG_WARN_CONSTANT_CONVERSION = YES;
				CLANG_WARN_DEPRECATED_OBJC_IMPLEMENTATIONS = YES;
				CLANG_WARN_DIRECT_OBJC_ISA_USAGE = YES_ERROR;
				CLANG_WARN_DOCUMENTATION_COMMENTS = YES;
				CLANG_WARN_EMPTY_BODY = YES;
				CLANG_WARN_ENUM_CONVERSION = YES;
				CLANG_WARN_INFINITE_RECURSION = YES;
				CLANG_WARN_INT_CONVERSION = YES;
				CLANG_WARN_NON_LITERAL_NULL_CONVERSION = YES;
				CLANG_WARN_OBJC_IMPLICIT_RETAIN_SELF = YES;
				CLANG_WARN_OBJC_LITERAL_CONVERSION = YES;
				CLANG_WARN_OBJC_ROOT_CLASS = YES_ERROR;
				CLANG_WARN_RANGE_LOOP_ANALYSIS = YES;
				CLANG_WARN_STRICT_PROTOTYPES = YES;
				CLANG_WARN_SUSPICIOUS_MOVE = YES;
				CLANG_WARN_UNGUARDED_AVAILABILITY = YES_AGGRESSIVE;
				CLANG_WARN_UNREACHABLE_CODE = YES;
				CLANG_WARN__DUPLICATE_METHOD_MATCH = YES;
				CODE_SIGN_IDENTITY = "iPhone Developer";
				COPY_PHASE_STRIP = NO;
				DEBUG_INFORMATION_FORMAT = dwarf;
				ENABLE_STRICT_OBJC_MSGSEND = YES;
				ENABLE_TESTABILITY = YES;
				GCC_C_LANGUAGE_STANDARD = gnu11;
				GCC_DYNAMIC_NO_PIC = NO;
				GCC_NO_COMMON_BLOCKS = YES;
				GCC_OPTIMIZATION_LEVEL = 0;
				GCC_PREPROCESSOR_DEFINITIONS = (
					"DEBUG=1",
					"$(inherited)",
				);
				GCC_WARN_64_TO_32_BIT_CONVERSION = YES;
				GCC_WARN_ABOUT_RETURN_TYPE = YES_ERROR;
				GCC_WARN_UNDECLARED_SELECTOR = YES;
				GCC_WARN_UNINITIALIZED_AUTOS = YES_AGGRESSIVE;
				GCC_WARN_UNUSED_FUNCTION = YES;
				GCC_WARN_UNUSED_VARIABLE = YES;
				IPHONEOS_DEPLOYMENT_TARGET = 12.2;
				MTL_ENABLE_DEBUG_INFO = INCLUDE_SOURCE;
				MTL_FAST_MATH = YES;
				ONLY_ACTIVE_ARCH = YES;
				SDKROOT = iphoneos;
				SWIFT_ACTIVE_COMPILATION_CONDITIONS = DEBUG;
				SWIFT_OPTIMIZATION_LEVEL = "-Onone";
			};
			name = Debug;
		};
		17616486224A0AA4007D774B /* Release */ = {
			isa = XCBuildConfiguration;
			buildSettings = {
				ALWAYS_SEARCH_USER_PATHS = NO;
				CLANG_ANALYZER_NONNULL = YES;
				CLANG_ANALYZER_NUMBER_OBJECT_CONVERSION = YES_AGGRESSIVE;
				CLANG_CXX_LANGUAGE_STANDARD = "gnu++14";
				CLANG_CXX_LIBRARY = "libc++";
				CLANG_ENABLE_MODULES = YES;
				CLANG_ENABLE_OBJC_ARC = YES;
				CLANG_ENABLE_OBJC_WEAK = YES;
				CLANG_WARN_BLOCK_CAPTURE_AUTORELEASING = YES;
				CLANG_WARN_BOOL_CONVERSION = YES;
				CLANG_WARN_COMMA = YES;
				CLANG_WARN_CONSTANT_CONVERSION = YES;
				CLANG_WARN_DEPRECATED_OBJC_IMPLEMENTATIONS = YES;
				CLANG_WARN_DIRECT_OBJC_ISA_USAGE = YES_ERROR;
				CLANG_WARN_DOCUMENTATION_COMMENTS = YES;
				CLANG_WARN_EMPTY_BODY = YES;
				CLANG_WARN_ENUM_CONVERSION = YES;
				CLANG_WARN_INFINITE_RECURSION = YES;
				CLANG_WARN_INT_CONVERSION = YES;
				CLANG_WARN_NON_LITERAL_NULL_CONVERSION = YES;
				CLANG_WARN_OBJC_IMPLICIT_RETAIN_SELF = YES;
				CLANG_WARN_OBJC_LITERAL_CONVERSION = YES;
				CLANG_WARN_OBJC_ROOT_CLASS = YES_ERROR;
				CLANG_WARN_RANGE_LOOP_ANALYSIS = YES;
				CLANG_WARN_STRICT_PROTOTYPES = YES;
				CLANG_WARN_SUSPICIOUS_MOVE = YES;
				CLANG_WARN_UNGUARDED_AVAILABILITY = YES_AGGRESSIVE;
				CLANG_WARN_UNREACHABLE_CODE = YES;
				CLANG_WARN__DUPLICATE_METHOD_MATCH = YES;
				CODE_SIGN_IDENTITY = "iPhone Developer";
				COPY_PHASE_STRIP = NO;
				DEBUG_INFORMATION_FORMAT = "dwarf-with-dsym";
				ENABLE_NS_ASSERTIONS = NO;
				ENABLE_STRICT_OBJC_MSGSEND = YES;
				GCC_C_LANGUAGE_STANDARD = gnu11;
				GCC_NO_COMMON_BLOCKS = YES;
				GCC_WARN_64_TO_32_BIT_CONVERSION = YES;
				GCC_WARN_ABOUT_RETURN_TYPE = YES_ERROR;
				GCC_WARN_UNDECLARED_SELECTOR = YES;
				GCC_WARN_UNINITIALIZED_AUTOS = YES_AGGRESSIVE;
				GCC_WARN_UNUSED_FUNCTION = YES;
				GCC_WARN_UNUSED_VARIABLE = YES;
				IPHONEOS_DEPLOYMENT_TARGET = 12.2;
				MTL_ENABLE_DEBUG_INFO = NO;
				MTL_FAST_MATH = YES;
				SDKROOT = iphoneos;
				SWIFT_COMPILATION_MODE = wholemodule;
				SWIFT_OPTIMIZATION_LEVEL = "-O";
				VALIDATE_PRODUCT = YES;
			};
			name = Release;
		};
		17616488224A0AA4007D774B /* Debug */ = {
			isa = XCBuildConfiguration;
			buildSettings = {
				ASSETCATALOG_COMPILER_APPICON_NAME = AppIcon;
				CLANG_ENABLE_MODULES = YES;
				CODE_SIGN_STYLE = Automatic;
				DEVELOPMENT_TEAM = 67U7CVYQJQ;
				INFOPLIST_FILE = SearchFace/Info.plist;
				IPHONEOS_DEPLOYMENT_TARGET = 12.1;
				LD_RUNPATH_SEARCH_PATHS = (
					"$(inherited)",
					"@executable_path/Frameworks",
				);
				PRODUCT_BUNDLE_IDENTIFIER = com.zykis.SearchFace;
				PRODUCT_NAME = "$(TARGET_NAME)";
				SWIFT_OPTIMIZATION_LEVEL = "-Onone";
				SWIFT_VERSION = 5.0;
				TARGETED_DEVICE_FAMILY = "1,2";
			};
			name = Debug;
		};
		17616489224A0AA4007D774B /* Release */ = {
			isa = XCBuildConfiguration;
			buildSettings = {
				ASSETCATALOG_COMPILER_APPICON_NAME = AppIcon;
				CLANG_ENABLE_MODULES = YES;
				CODE_SIGN_STYLE = Automatic;
				DEVELOPMENT_TEAM = 67U7CVYQJQ;
				INFOPLIST_FILE = SearchFace/Info.plist;
				IPHONEOS_DEPLOYMENT_TARGET = 12.1;
				LD_RUNPATH_SEARCH_PATHS = (
					"$(inherited)",
					"@executable_path/Frameworks",
				);
				PRODUCT_BUNDLE_IDENTIFIER = com.zykis.SearchFace;
				PRODUCT_NAME = "$(TARGET_NAME)";
				SWIFT_VERSION = 5.0;
				TARGETED_DEVICE_FAMILY = "1,2";
			};
			name = Release;
		};
		1761648B224A0AA4007D774B /* Debug */ = {
			isa = XCBuildConfiguration;
			buildSettings = {
				ALWAYS_EMBED_SWIFT_STANDARD_LIBRARIES = YES;
				BUNDLE_LOADER = "$(TEST_HOST)";
				CODE_SIGN_STYLE = Automatic;
				DEVELOPMENT_TEAM = 67U7CVYQJQ;
				INFOPLIST_FILE = SearchFaceTests/Info.plist;
				LD_RUNPATH_SEARCH_PATHS = (
					"$(inherited)",
					"@executable_path/Frameworks",
					"@loader_path/Frameworks",
				);
				PRODUCT_BUNDLE_IDENTIFIER = com.zykis.SearchFaceTests;
				PRODUCT_NAME = "$(TARGET_NAME)";
				SWIFT_VERSION = 5.0;
				TARGETED_DEVICE_FAMILY = "1,2";
				TEST_HOST = "$(BUILT_PRODUCTS_DIR)/SearchFace.app/SearchFace";
			};
			name = Debug;
		};
		1761648C224A0AA4007D774B /* Release */ = {
			isa = XCBuildConfiguration;
			buildSettings = {
				ALWAYS_EMBED_SWIFT_STANDARD_LIBRARIES = YES;
				BUNDLE_LOADER = "$(TEST_HOST)";
				CODE_SIGN_STYLE = Automatic;
				DEVELOPMENT_TEAM = 67U7CVYQJQ;
				INFOPLIST_FILE = SearchFaceTests/Info.plist;
				LD_RUNPATH_SEARCH_PATHS = (
					"$(inherited)",
					"@executable_path/Frameworks",
					"@loader_path/Frameworks",
				);
				PRODUCT_BUNDLE_IDENTIFIER = com.zykis.SearchFaceTests;
				PRODUCT_NAME = "$(TARGET_NAME)";
				SWIFT_VERSION = 5.0;
				TARGETED_DEVICE_FAMILY = "1,2";
				TEST_HOST = "$(BUILT_PRODUCTS_DIR)/SearchFace.app/SearchFace";
			};
			name = Release;
		};
/* End XCBuildConfiguration section */

/* Begin XCConfigurationList section */
		17616465224A0AA2007D774B /* Build configuration list for PBXProject "SearchFace" */ = {
			isa = XCConfigurationList;
			buildConfigurations = (
				17616485224A0AA4007D774B /* Debug */,
				17616486224A0AA4007D774B /* Release */,
			);
			defaultConfigurationIsVisible = 0;
			defaultConfigurationName = Release;
		};
		17616487224A0AA4007D774B /* Build configuration list for PBXNativeTarget "SearchFace" */ = {
			isa = XCConfigurationList;
			buildConfigurations = (
				17616488224A0AA4007D774B /* Debug */,
				17616489224A0AA4007D774B /* Release */,
			);
			defaultConfigurationIsVisible = 0;
			defaultConfigurationName = Release;
		};
		1761648A224A0AA4007D774B /* Build configuration list for PBXNativeTarget "SearchFaceTests" */ = {
			isa = XCConfigurationList;
			buildConfigurations = (
				1761648B224A0AA4007D774B /* Debug */,
				1761648C224A0AA4007D774B /* Release */,
			);
			defaultConfigurationIsVisible = 0;
			defaultConfigurationName = Release;
		};
/* End XCConfigurationList section */
	};
	rootObject = 17616462224A0AA2007D774B /* Project object */;
}
